
Microsoft Visual Studio Solution File, Format Version 12.00
# Visual Studio Version 16
VisualStudioVersion = 16.0.29123.89
MinimumVisualStudioVersion = 10.0.40219.1
Project("{9A19103F-16F7-4668-BE54-9A1E7A4F7556}") = "GraphQL_Example", "GraphQL_Example\GraphQL_Example.csproj", "{A32CAA23-BC4A-4196-B9B1-595CCF4BA01B}"
EndProject
Project("{FAE04EC0-301F-11D3-BF4B-00C04F79EFBC}") = "GraphQL_Example.Database", "GraphQL_Example.Database\GraphQL_Example.Database.csproj", "{4561E948-7973-47D4-B4AD-2A54BB46FADA}"
EndProject
Project("{FAE04EC0-301F-11D3-BF4B-00C04F79EFBC}") = "GraphQL_Example.DataAccessLayer", "GraphQL_Example.DataAccessLayer\GraphQL_Example.DataAccessLayer.csproj", "{0B9A867F-C0D3-4426-AE20-270A43152A9F}"
EndProject
Global
	GlobalSection(SolutionConfigurationPlatforms) = preSolution
		Debug|Any CPU = Debug|Any CPU
		Release|Any CPU = Release|Any CPU
	EndGlobalSection
	GlobalSection(ProjectConfigurationPlatforms) = postSolution
		{A32CAA23-BC4A-4196-B9B1-595CCF4BA01B}.Debug|Any CPU.ActiveCfg = Debug|Any CPU
		{A32CAA23-BC4A-4196-B9B1-595CCF4BA01B}.Debug|Any CPU.Build.0 = Debug|Any CPU
		{A32CAA23-BC4A-4196-B9B1-595CCF4BA01B}.Release|Any CPU.ActiveCfg = Release|Any CPU
		{A32CAA23-BC4A-4196-B9B1-595CCF4BA01B}.Release|Any CPU.Build.0 = Release|Any CPU
		{4561E948-7973-47D4-B4AD-2A54BB46FADA}.Debug|Any CPU.ActiveCfg = Debug|Any CPU
		{4561E948-7973-47D4-B4AD-2A54BB46FADA}.Debug|Any CPU.Build.0 = Debug|Any CPU
		{4561E948-7973-47D4-B4AD-2A54BB46FADA}.Release|Any CPU.ActiveCfg = Release|Any CPU
		{4561E948-7973-47D4-B4AD-2A54BB46FADA}.Release|Any CPU.Build.0 = Release|Any CPU
		{0B9A867F-C0D3-4426-AE20-270A43152A9F}.Debug|Any CPU.ActiveCfg = Debug|Any CPU
		{0B9A867F-C0D3-4426-AE20-270A43152A9F}.Debug|Any CPU.Build.0 = Debug|Any CPU
		{0B9A867F-C0D3-4426-AE20-270A43152A9F}.Release|Any CPU.ActiveCfg = Release|Any CPU
		{0B9A867F-C0D3-4426-AE20-270A43152A9F}.Release|Any CPU.Build.0 = Release|Any CPU
	EndGlobalSection
	GlobalSection(SolutionProperties) = preSolution
		HideSolutionNode = FALSE
	EndGlobalSection
	GlobalSection(ExtensibilityGlobals) = postSolution
		SolutionGuid = {A632592D-D5A6-4EC7-A8C9-B4C7608F9002}
	EndGlobalSection
EndGlobal
